PODS:
  - DropDown (2.3.13)
  - MBProgressHUD (1.2.0)
  - Toast-Swift (5.0.1)

DEPENDENCIES:
  - DropDown
  - MBProgressHUD
  - Toast-Swift

SPEC REPOS:
  trunk:
    - DropDown
    - MBProgressHUD
    - Toast-Swift

SPEC CHECKSUMS:
  DropDown: 8a2116376c1981888557f72ec2ffc9a5e0e456ec
  MBProgressHUD: 3ee5efcc380f6a79a7cc9b363dd669c5e1ae7406
  Toast-Swift: 9b6a70f28b3bf0b96c40d46c0c4b9d6639846711

PODFILE CHECKSUM: e1dadb7ffdea5375b21173e07afdbc9792a5022d

COCOAPODS: 1.9.1
